
Microsoft Visual Studio Solution File, Format Version 12.00
# Visual Studio 15
VisualStudioVersion = 15.0.27428.2027
MinimumVisualStudioVersion = 10.0.40219.1
Project("{FAE04EC0-301F-11D3-BF4B-00C04F79EFBC}") = "FileWatcherDemo", "FileWatcherDemo\FileWatcherDemo.csproj", "{F7795C9A-E2BA-461A-A911-A397C0E6B15D}"
EndProject
Project("{FAE04EC0-301F-11D3-BF4B-00C04F79EFBC}") = "ExerciseDemo", "ExerciseDemo\ExerciseDemo.csproj", "{62354823-D11B-45E5-B584-24B103D87C67}"
EndProject
Global
	GlobalSection(SolutionConfigurationPlatforms) = preSolution
		Debug|Any CPU = Debug|Any CPU
		Release|Any CPU = Release|Any CPU
	EndGlobalSection
	GlobalSection(ProjectConfigurationPlatforms) = postSolution
		{F7795C9A-E2BA-461A-A911-A397C0E6B15D}.Debug|Any CPU.ActiveCfg = Debug|Any CPU
		{F7795C9A-E2BA-461A-A911-A397C0E6B15D}.Debug|Any CPU.Build.0 = Debug|Any CPU
		{F7795C9A-E2BA-461A-A911-A397C0E6B15D}.Release|Any CPU.ActiveCfg = Release|Any CPU
		{F7795C9A-E2BA-461A-A911-A397C0E6B15D}.Release|Any CPU.Build.0 = Release|Any CPU
		{62354823-D11B-45E5-B584-24B103D87C67}.Debug|Any CPU.ActiveCfg = Debug|Any CPU
		{62354823-D11B-45E5-B584-24B103D87C67}.Debug|Any CPU.Build.0 = Debug|Any CPU
		{62354823-D11B-45E5-B584-24B103D87C67}.Release|Any CPU.ActiveCfg = Release|Any CPU
		{62354823-D11B-45E5-B584-24B103D87C67}.Release|Any CPU.Build.0 = Release|Any CPU
	EndGlobalSection
	GlobalSection(SolutionProperties) = preSolution
		HideSolutionNode = FALSE
	EndGlobalSection
	GlobalSection(ExtensibilityGlobals) = postSolution
		SolutionGuid = {6BFA69AE-4CB9-4B02-99A0-491A383067BA}
	EndGlobalSection
EndGlobal
